
Microsoft Visual Studio Solution File, Format Version 12.00
# Visual Studio Version 16
VisualStudioVersion = 16.0.29102.190
MinimumVisualStudioVersion = 10.0.40219.1
Project("{FAE04EC0-301F-11D3-BF4B-00C04F79EFBC}") = "WebsiteBanHang", "WebsiteBanHang\WebsiteBanHang.csproj", "{A5CD570F-C32C-4690-B94F-2D724FC12C5F}"
EndProject
Global
	GlobalSection(SolutionConfigurationPlatforms) = preSolution
		Debug|Any CPU = Debug|Any CPU
		Release|Any CPU = Release|Any CPU
	EndGlobalSection
	GlobalSection(ProjectConfigurationPlatforms) = postSolution
		{A5CD570F-C32C-4690-B94F-2D724FC12C5F}.Debug|Any CPU.ActiveCfg = Debug|Any CPU
		{A5CD570F-C32C-4690-B94F-2D724FC12C5F}.Debug|Any CPU.Build.0 = Debug|Any CPU
		{A5CD570F-C32C-4690-B94F-2D724FC12C5F}.Release|Any CPU.ActiveCfg = Release|Any CPU
		{A5CD570F-C32C-4690-B94F-2D724FC12C5F}.Release|Any CPU.Build.0 = Release|Any CPU
	EndGlobalSection
	GlobalSection(SolutionProperties) = preSolution
		HideSolutionNode = FALSE
	EndGlobalSection
	GlobalSection(ExtensibilityGlobals) = postSolution
		SolutionGuid = {FA4209B9-0DC3-4A07-A841-B8A38D88A764}
	EndGlobalSection
EndGlobal
